
Microsoft Visual Studio Solution File, Format Version 12.00
# Visual Studio Version 17
VisualStudioVersion = 17.7.34024.191
MinimumVisualStudioVersion = 10.0.40219.1
Project("{9A19103F-16F7-4668-BE54-9A1E7A4F7556}") = "BudgtService", "BudgtService.csproj", "{677B8195-7EF0-4BF1-9ECB-1DE5E5E542CE}"
EndProject
Project("{FAE04EC0-301F-11D3-BF4B-00C04F79EFBC}") = "budgetTDD", "..\budgetTDD\budgetTDD.csproj", "{C10EBEDA-C790-4170-B875-B4669F478C73}"
EndProject
Global
	GlobalSection(SolutionConfigurationPlatforms) = preSolution
		Debug|Any CPU = Debug|Any CPU
		Release|Any CPU = Release|Any CPU
	EndGlobalSection
	GlobalSection(ProjectConfigurationPlatforms) = postSolution
		{677B8195-7EF0-4BF1-9ECB-1DE5E5E542CE}.Debug|Any CPU.ActiveCfg = Debug|Any CPU
		{677B8195-7EF0-4BF1-9ECB-1DE5E5E542CE}.Debug|Any CPU.Build.0 = Debug|Any CPU
		{677B8195-7EF0-4BF1-9ECB-1DE5E5E542CE}.Release|Any CPU.ActiveCfg = Release|Any CPU
		{677B8195-7EF0-4BF1-9ECB-1DE5E5E542CE}.Release|Any CPU.Build.0 = Release|Any CPU
		{C10EBEDA-C790-4170-B875-B4669F478C73}.Debug|Any CPU.ActiveCfg = Debug|Any CPU
		{C10EBEDA-C790-4170-B875-B4669F478C73}.Debug|Any CPU.Build.0 = Debug|Any CPU
		{C10EBEDA-C790-4170-B875-B4669F478C73}.Release|Any CPU.ActiveCfg = Release|Any CPU
		{C10EBEDA-C790-4170-B875-B4669F478C73}.Release|Any CPU.Build.0 = Release|Any CPU
	EndGlobalSection
	GlobalSection(SolutionProperties) = preSolution
		HideSolutionNode = FALSE
	EndGlobalSection
	GlobalSection(ExtensibilityGlobals) = postSolution
		SolutionGuid = {8364A770-BF24-43FC-B645-73AE0C1E39B4}
	EndGlobalSection
EndGlobal
